
Microsoft Visual Studio Solution File, Format Version 12.00
# Visual Studio Version 16
VisualStudioVersion = 16.0.29911.84
MinimumVisualStudioVersion = 10.0.40219.1
Project("{FAE04EC0-301F-11D3-BF4B-00C04F79EFBC}") = "Git-opdracht15-Bas", "Git-opdracht15-Bas\Git-opdracht15-Bas.csproj", "{232BE4A9-463F-4231-80B8-FC6CAC9EE436}"
EndProject
Global
	GlobalSection(SolutionConfigurationPlatforms) = preSolution
		Debug|Any CPU = Debug|Any CPU
		Release|Any CPU = Release|Any CPU
	EndGlobalSection
	GlobalSection(ProjectConfigurationPlatforms) = postSolution
		{232BE4A9-463F-4231-80B8-FC6CAC9EE436}.Debug|Any CPU.ActiveCfg = Debug|Any CPU
		{232BE4A9-463F-4231-80B8-FC6CAC9EE436}.Debug|Any CPU.Build.0 = Debug|Any CPU
		{232BE4A9-463F-4231-80B8-FC6CAC9EE436}.Release|Any CPU.ActiveCfg = Release|Any CPU
		{232BE4A9-463F-4231-80B8-FC6CAC9EE436}.Release|Any CPU.Build.0 = Release|Any CPU
	EndGlobalSection
	GlobalSection(SolutionProperties) = preSolution
		HideSolutionNode = FALSE
	EndGlobalSection
	GlobalSection(ExtensibilityGlobals) = postSolution
		SolutionGuid = {BF08120B-09F1-4F0D-8BBB-20C3884396DA}
	EndGlobalSection
EndGlobal
